<?php

# NanoFramework Build Config

# Environment
define('APP' , __DIR__ . '/');
define('TMP', APP . 'tmp/');
define('DEV', true);

# Domain
define('BASE', '/'); # '/' padrão, '/sub', para subdiretório
define('DOMAIN', 'nano.mfwks.com');
define('SITE', 'https://' . DOMAIN . BASE);

# Dev Mode: Show Errors
ini_set('display_errors', DEV);
ini_set('display_startup_erros', DEV);
error_reporting(E_ALL);

# Erros Log Output
ini_set('log_errors', DEV);
ini_set('error_log', TMP  . 'errors.log');
